version = 1
revision = 3
requires-python = ">=3.11"

[[package]]
name = "core"
version = "0.1.0"
source = { editable = "packages/core" }
dependencies = [
    { name = "requests" },
]

[package.metadata]
requires-dist = [{ name = "requests", specifier = ">=2.32.5" }]

[[package]]
name = "requests"
version = "2.32.5"
source = { registry = "https://pypi.org/simple" }
dependencies = [
    { name = "urllib3" },
]

[[package]]
name = "urllib3"
version = "2.2.0"
source = { registry = "https://pypi.org/simple" }

[[package]]
name = "workspace-root"
version = "1.0.0"
source = { virtual = "." }
